PODS:
  - KeychainSwift (3.0.11)
  - Nimble (3.1.0)
  - Quick (0.9.0)
  - Realm (0.97.0):
    - Realm/Headers (= 0.97.0)
  - Realm/Headers (0.97.0)
  - RealmSwift (0.97.0):
    - Realm (= 0.97.0)
  - RxBlocking (2.1.0):
    - RxSwift (~> 2.0)
  - RxCocoa (2.1.0):
    - RxSwift (~> 2.0)
  - RxSwift (2.1.0)
  - RxTests (2.1.0):
    - RxSwift (~> 2.0)
  - SnapKit (0.19.1)

DEPENDENCIES:
  - KeychainSwift (~> 3.0)
  - Nimble (~> 3.1)
  - Quick (~> 0.9)
  - RealmSwift (~> 0.9)
  - RxBlocking (~> 2.0)
  - RxCocoa (~> 2.1)
  - RxSwift (~> 2.1)
  - RxTests (~> 2.0)
  - SnapKit (~> 0.1)

SPEC CHECKSUMS:
  KeychainSwift: 0a4214c910423543a42b0f30f25987d46178b6a5
  Nimble: 79d40f4d69d47314229bbabacaa02b8838c779b9
  Quick: 332eb1da73125a2106dd637424c803f2ae97e4a9
  Realm: b498a6fb9d288b171ff98d0e2d4384c295be8990
  RealmSwift: d014810dec75c9a3f1a33926d2dabfed855c582c
  RxBlocking: fa297def258d85c5beae9ed507f94645260b3747
  RxCocoa: 79b5feb8378545336e756a0a33fcf5e95050b71c
  RxSwift: 110fb07f81c17c2c3b3254d168363057b1880d18
  RxTests: 94c67ffc37c36bd8c7aec90a84601a3db142be94
  SnapKit: eff58d6e3451bf2f482db2eccf86aecf371dc62d

COCOAPODS: 0.39.0
