PODS:
  - Nimble (3.1.0)
  - Quick (0.9.1)
  - Result (1.0.2)
  - RxSwift (2.2.0)

DEPENDENCIES:
  - Nimble (~> 3.1)
  - Quick (~> 0.9)
  - Result (~> 1.0)
  - RxSwift (~> 2.2)

SPEC CHECKSUMS:
  Nimble: 79d40f4d69d47314229bbabacaa02b8838c779b9
  Quick: a5221fc21788b6aeda934805e68b061839bc3165
  Result: dd3dd71af3fa2e262f1a999e14fba2c25ec14f16
  RxSwift: b8a749f2204c6c7a5c29b306a9c3bc11d5b87c5b

COCOAPODS: 0.39.0
