// !$*UTF8*$!
{
	archiveVersion = 1;
	classes = {
	};
	objectVersion = 46;
	objects = {

/* Begin PBXBuildFile section */
		235E40421C3BF41D000E914F /* AppDelegate.swift in Sources */ = {isa = PBXBuildFile; fileRef = 235E40411C3BF41D000E914F /* AppDelegate.swift */; };
		235E40441C3BF41D000E914F /* ViewController.swift in Sources */ = {isa = PBXBuildFile; fileRef = 235E40431C3BF41D000E914F /* ViewController.swift */; };
		235E40471C3BF41D000E914F /* Main.storyboard in Resources */ = {isa = PBXBuildFile; fileRef = 235E40451C3BF41D000E914F /* Main.storyboard */; };
		235E40491C3BF41D000E914F /* Assets.xcassets in Resources */ = {isa = PBXBuildFile; fileRef = 235E40481C3BF41D000E914F /* Assets.xcassets */; };
		235E404C1C3BF41D000E914F /* LaunchScreen.storyboard in Resources */ = {isa = PBXBuildFile; fileRef = 235E404A1C3BF41D000E914F /* LaunchScreen.storyboard */; };
		23C7CBAF1C3BF9CD00933D3E /* Result.framework in Frameworks */ = {isa = PBXBuildFile; fileRef = 23C7CBA01C3BF99E00933D3E /* Result.framework */; };
		23C7CBE91C3BF9F900933D3E /* RxBlocking.framework in Frameworks */ = {isa = PBXBuildFile; fileRef = 23C7CBD41C3BF9E000933D3E /* RxBlocking.framework */; };
		23C7CBEA1C3BF9F900933D3E /* RxCocoa.framework in Frameworks */ = {isa = PBXBuildFile; fileRef = 23C7CBCC1C3BF9E000933D3E /* RxCocoa.framework */; };
		23C7CBEB1C3BF9F900933D3E /* RxSwift.framework in Frameworks */ = {isa = PBXBuildFile; fileRef = 23C7CBC41C3BF9E000933D3E /* RxSwift.framework */; };
		23C7CC031C3BFAD100933D3E /* ReactiveCocoa.framework in Frameworks */ = {isa = PBXBuildFile; fileRef = 23C7CBFA1C3BFABF00933D3E /* ReactiveCocoa.framework */; };
/* End PBXBuildFile section */

/* Begin PBXContainerItemProxy section */
		23C7CB9B1C3BF99E00933D3E /* PBXContainerItemProxy */ = {
			isa = PBXContainerItemProxy;
			containerPortal = 23C7CB901C3BF99E00933D3E /* Result.xcodeproj */;
			proxyType = 2;
			remoteGlobalIDString = D45480571A9572F5009D7229;
			remoteInfo = "Result-Mac";
		};
		23C7CB9D1C3BF99E00933D3E /* PBXContainerItemProxy */ = {
			isa = PBXContainerItemProxy;
			containerPortal = 23C7CB901C3BF99E00933D3E /* Result.xcodeproj */;
			proxyType = 2;
			remoteGlobalIDString = D45480671A9572F5009D7229;
			remoteInfo = "Result-MacTests";
		};
		23C7CB9F1C3BF99E00933D3E /* PBXContainerItemProxy */ = {
			isa = PBXContainerItemProxy;
			containerPortal = 23C7CB901C3BF99E00933D3E /* Result.xcodeproj */;
			proxyType = 2;
			remoteGlobalIDString = D454807D1A957361009D7229;
			remoteInfo = "Result-iOS";
		};
		23C7CBA11C3BF99E00933D3E /* PBXContainerItemProxy */ = {
			isa = PBXContainerItemProxy;
			containerPortal = 23C7CB901C3BF99E00933D3E /* Result.xcodeproj */;
			proxyType = 2;
			remoteGlobalIDString = D45480871A957362009D7229;
			remoteInfo = "Result-iOSTests";
		};
		23C7CBA31C3BF99E00933D3E /* PBXContainerItemProxy */ = {
			isa = PBXContainerItemProxy;
			containerPortal = 23C7CB901C3BF99E00933D3E /* Result.xcodeproj */;
			proxyType = 2;
			remoteGlobalIDString = 57FCDE471BA280DC00130C48;
			remoteInfo = "Result-tvOS";
		};
		23C7CBA51C3BF99E00933D3E /* PBXContainerItemProxy */ = {
			isa = PBXContainerItemProxy;
			containerPortal = 23C7CB901C3BF99E00933D3E /* Result.xcodeproj */;
			proxyType = 2;
			remoteGlobalIDString = 57FCDE541BA280E000130C48;
			remoteInfo = "Result-tvOSTests";
		};
		23C7CBA71C3BF99E00933D3E /* PBXContainerItemProxy */ = {
			isa = PBXContainerItemProxy;
			containerPortal = 23C7CB901C3BF99E00933D3E /* Result.xcodeproj */;
			proxyType = 2;
			remoteGlobalIDString = D03579A31B2B788F005D26AE;
			remoteInfo = "Result-watchOS";
		};
		23C7CBA91C3BF99E00933D3E /* PBXContainerItemProxy */ = {
			isa = PBXContainerItemProxy;
			containerPortal = 23C7CB901C3BF99E00933D3E /* Result.xcodeproj */;
			proxyType = 2;
			remoteGlobalIDString = D03579B01B2B78A1005D26AE;
			remoteInfo = "Result-watchOSTests";
		};
		23C7CBAD1C3BF9BF00933D3E /* PBXContainerItemProxy */ = {
			isa = PBXContainerItemProxy;
			containerPortal = 23C7CB901C3BF99E00933D3E /* Result.xcodeproj */;
			proxyType = 1;
			remoteGlobalIDString = D454807C1A957361009D7229;
			remoteInfo = "Result-iOS";
		};
		23C7CBC31C3BF9E000933D3E /* PBXContainerItemProxy */ = {
			isa = PBXContainerItemProxy;
			containerPortal = 23C7CBB01C3BF9DF00933D3E /* Rx.xcodeproj */;
			proxyType = 2;
			remoteGlobalIDString = C8A56AD71AD7424700B4673B;
			remoteInfo = "RxSwift-iOS";
		};
		23C7CBC51C3BF9E000933D3E /* PBXContainerItemProxy */ = {
			isa = PBXContainerItemProxy;
			containerPortal = 23C7CBB01C3BF9DF00933D3E /* Rx.xcodeproj */;
			proxyType = 2;
			remoteGlobalIDString = C88BB8711B07E5ED0064D411;
			remoteInfo = "RxSwift-OSX";
		};
		23C7CBC71C3BF9E000933D3E /* PBXContainerItemProxy */ = {
			isa = PBXContainerItemProxy;
			containerPortal = 23C7CBB01C3BF9DF00933D3E /* Rx.xcodeproj */;
			proxyType = 2;
			remoteGlobalIDString = D2EA280C1BB9B5A200880ED3;
			remoteInfo = "RxSwift-tvOS";
		};
		23C7CBC91C3BF9E000933D3E /* PBXContainerItemProxy */ = {
			isa = PBXContainerItemProxy;
			containerPortal = 23C7CBB01C3BF9DF00933D3E /* Rx.xcodeproj */;
			proxyType = 2;
			remoteGlobalIDString = C8F0C0021BBBFB8B001B112F;
			remoteInfo = "RxSwift-watchOS";
		};
		23C7CBCB1C3BF9E000933D3E /* PBXContainerItemProxy */ = {
			isa = PBXContainerItemProxy;
			containerPortal = 23C7CBB01C3BF9DF00933D3E /* Rx.xcodeproj */;
			proxyType = 2;
			remoteGlobalIDString = C809396D1B8A71760088E94D;
			remoteInfo = "RxCocoa-iOS";
		};
		23C7CBCD1C3BF9E000933D3E /* PBXContainerItemProxy */ = {
			isa = PBXContainerItemProxy;
			containerPortal = 23C7CBB01C3BF9DF00933D3E /* Rx.xcodeproj */;
			proxyType = 2;
			remoteGlobalIDString = C80939E71B8A71840088E94D;
			remoteInfo = "RxCocoa-OSX";
		};
		23C7CBCF1C3BF9E000933D3E /* PBXContainerItemProxy */ = {
			isa = PBXContainerItemProxy;
			containerPortal = 23C7CBB01C3BF9DF00933D3E /* Rx.xcodeproj */;
			proxyType = 2;
			remoteGlobalIDString = D2138C751BB9BE9800339B5C;
			remoteInfo = "RxCocoa-tvOS";
		};
		23C7CBD11C3BF9E000933D3E /* PBXContainerItemProxy */ = {
			isa = PBXContainerItemProxy;
			containerPortal = 23C7CBB01C3BF9DF00933D3E /* Rx.xcodeproj */;
			proxyType = 2;
			remoteGlobalIDString = C8F0C04B1BBBFBB9001B112F;
			remoteInfo = "RxCocoa-watchOS";
		};
		23C7CBD31C3BF9E000933D3E /* PBXContainerItemProxy */ = {
			isa = PBXContainerItemProxy;
			containerPortal = 23C7CBB01C3BF9DF00933D3E /* Rx.xcodeproj */;
			proxyType = 2;
			remoteGlobalIDString = C8093BC71B8A71F00088E94D;
			remoteInfo = "RxBlocking-iOS";
		};
		23C7CBD51C3BF9E000933D3E /* PBXContainerItemProxy */ = {
			isa = PBXContainerItemProxy;
			containerPortal = 23C7CBB01C3BF9DF00933D3E /* Rx.xcodeproj */;
			proxyType = 2;
			remoteGlobalIDString = C8093C451B8A71FC0088E94D;
			remoteInfo = "RxBlocking-OSX";
		};
		23C7CBD71C3BF9E000933D3E /* PBXContainerItemProxy */ = {
			isa = PBXContainerItemProxy;
			containerPortal = 23C7CBB01C3BF9DF00933D3E /* Rx.xcodeproj */;
			proxyType = 2;
			remoteGlobalIDString = D2EBEB811BB9B99D003A27DC;
			remoteInfo = "RxBlocking-tvOS";
		};
		23C7CBD91C3BF9E000933D3E /* PBXContainerItemProxy */ = {
			isa = PBXContainerItemProxy;
			containerPortal = 23C7CBB01C3BF9DF00933D3E /* Rx.xcodeproj */;
			proxyType = 2;
			remoteGlobalIDString = C8F0C0581BBBFBCE001B112F;
			remoteInfo = "RxBlocking-watchOS";
		};
		23C7CBDB1C3BF9E000933D3E /* PBXContainerItemProxy */ = {
			isa = PBXContainerItemProxy;
			containerPortal = 23C7CBB01C3BF9DF00933D3E /* Rx.xcodeproj */;
			proxyType = 2;
			remoteGlobalIDString = C88FA50C1C25C44800CCFEA4;
			remoteInfo = "RxTests-iOS";
		};
		23C7CBDD1C3BF9E000933D3E /* PBXContainerItemProxy */ = {
			isa = PBXContainerItemProxy;
			containerPortal = 23C7CBB01C3BF9DF00933D3E /* Rx.xcodeproj */;
			proxyType = 2;
			remoteGlobalIDString = C88FA51D1C25C4B500CCFEA4;
			remoteInfo = "RxTests-OSX";
		};
		23C7CBDF1C3BF9E000933D3E /* PBXContainerItemProxy */ = {
			isa = PBXContainerItemProxy;
			containerPortal = 23C7CBB01C3BF9DF00933D3E /* Rx.xcodeproj */;
			proxyType = 2;
			remoteGlobalIDString = C88FA52E1C25C4C000CCFEA4;
			remoteInfo = "RxTests-tvOS";
		};
		23C7CBE11C3BF9E000933D3E /* PBXContainerItemProxy */ = {
			isa = PBXContainerItemProxy;
			containerPortal = 23C7CBB01C3BF9DF00933D3E /* Rx.xcodeproj */;
			proxyType = 2;
			remoteGlobalIDString = C88FA53F1C25C4CC00CCFEA4;
			remoteInfo = "RxTests-watchOS";
		};
		23C7CBE31C3BF9EE00933D3E /* PBXContainerItemProxy */ = {
			isa = PBXContainerItemProxy;
			containerPortal = 23C7CBB01C3BF9DF00933D3E /* Rx.xcodeproj */;
			proxyType = 1;
			remoteGlobalIDString = C8A56AD61AD7424700B4673B;
			remoteInfo = "RxSwift-iOS";
		};
		23C7CBE51C3BF9EE00933D3E /* PBXContainerItemProxy */ = {
			isa = PBXContainerItemProxy;
			containerPortal = 23C7CBB01C3BF9DF00933D3E /* Rx.xcodeproj */;
			proxyType = 1;
			remoteGlobalIDString = C80938F51B8A71760088E94D;
			remoteInfo = "RxCocoa-iOS";
		};
		23C7CBE71C3BF9EE00933D3E /* PBXContainerItemProxy */ = {
			isa = PBXContainerItemProxy;
			containerPortal = 23C7CBB01C3BF9DF00933D3E /* Rx.xcodeproj */;
			proxyType = 1;
			remoteGlobalIDString = C8093B4B1B8A71F00088E94D;
			remoteInfo = "RxBlocking-iOS";
		};
		23C7CBF51C3BFABF00933D3E /* PBXContainerItemProxy */ = {
			isa = PBXContainerItemProxy;
			containerPortal = 23C7CBEC1C3BFABF00933D3E /* ReactiveCocoa.xcodeproj */;
			proxyType = 2;
			remoteGlobalIDString = D04725EA19E49ED7006002AA;
			remoteInfo = "ReactiveCocoa-Mac";
		};
		23C7CBF71C3BFABF00933D3E /* PBXContainerItemProxy */ = {
			isa = PBXContainerItemProxy;
			containerPortal = 23C7CBEC1C3BFABF00933D3E /* ReactiveCocoa.xcodeproj */;
			proxyType = 2;
			remoteGlobalIDString = D04725F519E49ED7006002AA;
			remoteInfo = "ReactiveCocoa-MacTests";
		};
		23C7CBF91C3BFABF00933D3E /* PBXContainerItemProxy */ = {
			isa = PBXContainerItemProxy;
			containerPortal = 23C7CBEC1C3BFABF00933D3E /* ReactiveCocoa.xcodeproj */;
			proxyType = 2;
			remoteGlobalIDString = D047260C19E49F82006002AA;
			remoteInfo = "ReactiveCocoa-iOS";
		};
		23C7CBFB1C3BFABF00933D3E /* PBXContainerItemProxy */ = {
			isa = PBXContainerItemProxy;
			containerPortal = 23C7CBEC1C3BFABF00933D3E /* ReactiveCocoa.xcodeproj */;
			proxyType = 2;
			remoteGlobalIDString = D047261619E49F82006002AA;
			remoteInfo = "ReactiveCocoa-iOSTests";
		};
		23C7CBFD1C3BFABF00933D3E /* PBXContainerItemProxy */ = {
			isa = PBXContainerItemProxy;
			containerPortal = 23C7CBEC1C3BFABF00933D3E /* ReactiveCocoa.xcodeproj */;
			proxyType = 2;
			remoteGlobalIDString = A9B315541B3940610001CB9C;
			remoteInfo = "ReactiveCocoa-watchOS";
		};
		23C7CBFF1C3BFABF00933D3E /* PBXContainerItemProxy */ = {
			isa = PBXContainerItemProxy;
			containerPortal = 23C7CBEC1C3BFABF00933D3E /* ReactiveCocoa.xcodeproj */;
			proxyType = 2;
			remoteGlobalIDString = 57A4D2411BA13D7A00F7D4B1;
			remoteInfo = "ReactiveCocoa-tvOS";
		};
		23C7CC011C3BFAC900933D3E /* PBXContainerItemProxy */ = {
			isa = PBXContainerItemProxy;
			containerPortal = 23C7CBEC1C3BFABF00933D3E /* ReactiveCocoa.xcodeproj */;
			proxyType = 1;
			remoteGlobalIDString = D047260B19E49F82006002AA;
			remoteInfo = "ReactiveCocoa-iOS";
		};
/* End PBXContainerItemProxy section */

/* Begin PBXCopyFilesBuildPhase section */
		23C7CB8D1C3BF88000933D3E /* Embed Frameworks */ = {
			isa = PBXCopyFilesBuildPhase;
			buildActionMask = 2147483647;
			dstPath = "";
			dstSubfolderSpec = 10;
			files = (
			);
			name = "Embed Frameworks";
			runOnlyForDeploymentPostprocessing = 0;
		};
/* End PBXCopyFilesBuildPhase section */

/* Begin PBXFileReference section */
		235E403E1C3BF41D000E914F /* Playgrounds.app */ = {isa = PBXFileReference; explicitFileType = wrapper.application; includeInIndex = 0; path = Playgrounds.app; sourceTree = BUILT_PRODUCTS_DIR; };
		235E40411C3BF41D000E914F /* AppDelegate.swift */ = {isa = PBXFileReference; lastKnownFileType = sourcecode.swift; path = AppDelegate.swift; sourceTree = "<group>"; };
		235E40431C3BF41D000E914F /* ViewController.swift */ = {isa = PBXFileReference; lastKnownFileType = sourcecode.swift; path = ViewController.swift; sourceTree = "<group>"; };
		235E40461C3BF41D000E914F /* Base */ = {isa = PBXFileReference; lastKnownFileType = file.storyboard; name = Base; path = Base.lproj/Main.storyboard; sourceTree = "<group>"; };
		235E40481C3BF41D000E914F /* Assets.xcassets */ = {isa = PBXFileReference; lastKnownFileType = folder.assetcatalog; path = Assets.xcassets; sourceTree = "<group>"; };
		235E404B1C3BF41D000E914F /* Base */ = {isa = PBXFileReference; lastKnownFileType = file.storyboard; name = Base; path = Base.lproj/LaunchScreen.storyboard; sourceTree = "<group>"; };
		235E404D1C3BF41D000E914F /* Info.plist */ = {isa = PBXFileReference; lastKnownFileType = text.plist.xml; path = Info.plist; sourceTree = "<group>"; };
		23C7CB8F1C3BF90E00933D3E /* Test.playground */ = {isa = PBXFileReference; lastKnownFileType = file.playground; name = Test.playground; path = Playgrounds/Examples/Test.playground; sourceTree = "<group>"; };
		23C7CB901C3BF99E00933D3E /* Result.xcodeproj */ = {isa = PBXFileReference; lastKnownFileType = "wrapper.pb-project"; name = Result.xcodeproj; path = Carthage/Checkouts/Result/Result.xcodeproj; sourceTree = "<group>"; };
		23C7CBB01C3BF9DF00933D3E /* Rx.xcodeproj */ = {isa = PBXFileReference; lastKnownFileType = "wrapper.pb-project"; name = Rx.xcodeproj; path = Carthage/Checkouts/RxSwift/Rx.xcodeproj; sourceTree = "<group>"; };
		23C7CBEC1C3BFABF00933D3E /* ReactiveCocoa.xcodeproj */ = {isa = PBXFileReference; lastKnownFileType = "wrapper.pb-project"; name = ReactiveCocoa.xcodeproj; path = Carthage/Checkouts/ReactiveCocoa/ReactiveCocoa.xcodeproj; sourceTree = "<group>"; };
/* End PBXFileReference section */

/* Begin PBXFrameworksBuildPhase section */
		235E403B1C3BF41D000E914F /* Frameworks */ = {
			isa = PBXFrameworksBuildPhase;
			buildActionMask = 2147483647;
			files = (
				23C7CC031C3BFAD100933D3E /* ReactiveCocoa.framework in Frameworks */,
				23C7CBE91C3BF9F900933D3E /* RxBlocking.framework in Frameworks */,
				23C7CBEA1C3BF9F900933D3E /* RxCocoa.framework in Frameworks */,
				23C7CBEB1C3BF9F900933D3E /* RxSwift.framework in Frameworks */,
				23C7CBAF1C3BF9CD00933D3E /* Result.framework in Frameworks */,
			);
			runOnlyForDeploymentPostprocessing = 0;
		};
/* End PBXFrameworksBuildPhase section */

/* Begin PBXGroup section */
		235E40351C3BF41D000E914F = {
			isa = PBXGroup;
			children = (
				23C7CB531C3BF5FB00933D3E /* Playgrounds */,
				235E405F1C3BF42F000E914F /* Frameworks */,
				235E40401C3BF41D000E914F /* App */,
				235E403F1C3BF41D000E914F /* Products */,
			);
			sourceTree = "<group>";
		};
		235E403F1C3BF41D000E914F /* Products */ = {
			isa = PBXGroup;
			children = (
				235E403E1C3BF41D000E914F /* Playgrounds.app */,
			);
			name = Products;
			sourceTree = "<group>";
		};
		235E40401C3BF41D000E914F /* App */ = {
			isa = PBXGroup;
			children = (
				235E40411C3BF41D000E914F /* AppDelegate.swift */,
				235E40431C3BF41D000E914F /* ViewController.swift */,
				235E40451C3BF41D000E914F /* Main.storyboard */,
				235E40481C3BF41D000E914F /* Assets.xcassets */,
				235E404A1C3BF41D000E914F /* LaunchScreen.storyboard */,
				235E404D1C3BF41D000E914F /* Info.plist */,
			);
			name = App;
			path = Playgrounds;
			sourceTree = "<group>";
		};
		235E405F1C3BF42F000E914F /* Frameworks */ = {
			isa = PBXGroup;
			children = (
				23C7CBEC1C3BFABF00933D3E /* ReactiveCocoa.xcodeproj */,
				23C7CBB01C3BF9DF00933D3E /* Rx.xcodeproj */,
				23C7CB901C3BF99E00933D3E /* Result.xcodeproj */,
			);
			name = Frameworks;
			sourceTree = "<group>";
		};
		23C7CB531C3BF5FB00933D3E /* Playgrounds */ = {
			isa = PBXGroup;
			children = (
				23C7CB8F1C3BF90E00933D3E /* Test.playground */,
			);
			name = Playgrounds;
			sourceTree = "<group>";
		};
		23C7CB911C3BF99E00933D3E /* Products */ = {
			isa = PBXGroup;
			children = (
				23C7CB9C1C3BF99E00933D3E /* Result.framework */,
				23C7CB9E1C3BF99E00933D3E /* Result-MacTests.xctest */,
				23C7CBA01C3BF99E00933D3E /* Result.framework */,
				23C7CBA21C3BF99E00933D3E /* Result-iOSTests.xctest */,
				23C7CBA41C3BF99E00933D3E /* Result.framework */,
				23C7CBA61C3BF99E00933D3E /* Result-tvOSTests.xctest */,
				23C7CBA81C3BF99E00933D3E /* Result.framework */,
				23C7CBAA1C3BF99E00933D3E /* Result-watchOSTests.xctest */,
			);
			name = Products;
			sourceTree = "<group>";
		};
		23C7CBB11C3BF9DF00933D3E /* Products */ = {
			isa = PBXGroup;
			children = (
				23C7CBC41C3BF9E000933D3E /* RxSwift.framework */,
				23C7CBC61C3BF9E000933D3E /* RxSwift.framework */,
				23C7CBC81C3BF9E000933D3E /* RxSwift.framework */,
				23C7CBCA1C3BF9E000933D3E /* RxSwift.framework */,
				23C7CBCC1C3BF9E000933D3E /* RxCocoa.framework */,
				23C7CBCE1C3BF9E000933D3E /* RxCocoa.framework */,
				23C7CBD01C3BF9E000933D3E /* RxCocoa.framework */,
				23C7CBD21C3BF9E000933D3E /* RxCocoa.framework */,
				23C7CBD41C3BF9E000933D3E /* RxBlocking.framework */,
				23C7CBD61C3BF9E000933D3E /* RxBlocking.framework */,
				23C7CBD81C3BF9E000933D3E /* RxBlocking.framework */,
				23C7CBDA1C3BF9E000933D3E /* RxBlocking.framework */,
				23C7CBDC1C3BF9E000933D3E /* RxTests.framework */,
				23C7CBDE1C3BF9E000933D3E /* RxTests.framework */,
				23C7CBE01C3BF9E000933D3E /* RxTests.framework */,
				23C7CBE21C3BF9E000933D3E /* RxTests.framework */,
			);
			name = Products;
			sourceTree = "<group>";
		};
		23C7CBED1C3BFABF00933D3E /* Products */ = {
			isa = PBXGroup;
			children = (
				23C7CBF61C3BFABF00933D3E /* ReactiveCocoa.framework */,
				23C7CBF81C3BFABF00933D3E /* ReactiveCocoaTests.xctest */,
				23C7CBFA1C3BFABF00933D3E /* ReactiveCocoa.framework */,
				23C7CBFC1C3BFABF00933D3E /* ReactiveCocoaTests.xctest */,
				23C7CBFE1C3BFABF00933D3E /* ReactiveCocoa.framework */,
				23C7CC001C3BFABF00933D3E /* ReactiveCocoa.framework */,
			);
			name = Products;
			sourceTree = "<group>";
		};
/* End PBXGroup section */

/* Begin PBXNativeTarget section */
		235E403D1C3BF41D000E914F /* Playgrounds */ = {
			isa = PBXNativeTarget;
			buildConfigurationList = 235E40501C3BF41D000E914F /* Build configuration list for PBXNativeTarget "Playgrounds" */;
			buildPhases = (
				235E403A1C3BF41D000E914F /* Sources */,
				235E403B1C3BF41D000E914F /* Frameworks */,
				235E403C1C3BF41D000E914F /* Resources */,
				23C7CB8D1C3BF88000933D3E /* Embed Frameworks */,
				23C7CB8E1C3BF88700933D3E /* Carthage */,
			);
			buildRules = (
			);
			dependencies = (
				23C7CC021C3BFAC900933D3E /* PBXTargetDependency */,
				23C7CBE41C3BF9EE00933D3E /* PBXTargetDependency */,
				23C7CBE61C3BF9EE00933D3E /* PBXTargetDependency */,
				23C7CBE81C3BF9EE00933D3E /* PBXTargetDependency */,
				23C7CBAE1C3BF9BF00933D3E /* PBXTargetDependency */,
			);
			name = Playgrounds;
			productName = Playgrounds;
			productReference = 235E403E1C3BF41D000E914F /* Playgrounds.app */;
			productType = "com.apple.product-type.application";
		};
/* End PBXNativeTarget section */

/* Begin PBXProject section */
		235E40361C3BF41D000E914F /* Project object */ = {
			isa = PBXProject;
			attributes = {
				LastSwiftUpdateCheck = 0720;
				LastUpgradeCheck = 0720;
				ORGANIZATIONNAME = swift.reactive;
				TargetAttributes = {
					235E403D1C3BF41D000E914F = {
						CreatedOnToolsVersion = 7.2;
					};
				};
			};
			buildConfigurationList = 235E40391C3BF41D000E914F /* Build configuration list for PBXProject "Playgrounds" */;
			compatibilityVersion = "Xcode 3.2";
			developmentRegion = English;
			hasScannedForEncodings = 0;
			knownRegions = (
				en,
				Base,
			);
			mainGroup = 235E40351C3BF41D000E914F;
			productRefGroup = 235E403F1C3BF41D000E914F /* Products */;
			projectDirPath = "";
			projectReferences = (
				{
					ProductGroup = 23C7CBED1C3BFABF00933D3E /* Products */;
					ProjectRef = 23C7CBEC1C3BFABF00933D3E /* ReactiveCocoa.xcodeproj */;
				},
				{
					ProductGroup = 23C7CB911C3BF99E00933D3E /* Products */;
					ProjectRef = 23C7CB901C3BF99E00933D3E /* Result.xcodeproj */;
				},
				{
					ProductGroup = 23C7CBB11C3BF9DF00933D3E /* Products */;
					ProjectRef = 23C7CBB01C3BF9DF00933D3E /* Rx.xcodeproj */;
				},
			);
			projectRoot = "";
			targets = (
				235E403D1C3BF41D000E914F /* Playgrounds */,
			);
		};
/* End PBXProject section */

/* Begin PBXReferenceProxy section */
		23C7CB9C1C3BF99E00933D3E /* Result.framework */ = {
			isa = PBXReferenceProxy;
			fileType = wrapper.framework;
			path = Result.framework;
			remoteRef = 23C7CB9B1C3BF99E00933D3E /* PBXContainerItemProxy */;
			sourceTree = BUILT_PRODUCTS_DIR;
		};
		23C7CB9E1C3BF99E00933D3E /* Result-MacTests.xctest */ = {
			isa = PBXReferenceProxy;
			fileType = wrapper.cfbundle;
			path = "Result-MacTests.xctest";
			remoteRef = 23C7CB9D1C3BF99E00933D3E /* PBXContainerItemProxy */;
			sourceTree = BUILT_PRODUCTS_DIR;
		};
		23C7CBA01C3BF99E00933D3E /* Result.framework */ = {
			isa = PBXReferenceProxy;
			fileType = wrapper.framework;
			path = Result.framework;
			remoteRef = 23C7CB9F1C3BF99E00933D3E /* PBXContainerItemProxy */;
			sourceTree = BUILT_PRODUCTS_DIR;
		};
		23C7CBA21C3BF99E00933D3E /* Result-iOSTests.xctest */ = {
			isa = PBXReferenceProxy;
			fileType = wrapper.cfbundle;
			path = "Result-iOSTests.xctest";
			remoteRef = 23C7CBA11C3BF99E00933D3E /* PBXContainerItemProxy */;
			sourceTree = BUILT_PRODUCTS_DIR;
		};
		23C7CBA41C3BF99E00933D3E /* Result.framework */ = {
			isa = PBXReferenceProxy;
			fileType = wrapper.framework;
			path = Result.framework;
			remoteRef = 23C7CBA31C3BF99E00933D3E /* PBXContainerItemProxy */;
			sourceTree = BUILT_PRODUCTS_DIR;
		};
		23C7CBA61C3BF99E00933D3E /* Result-tvOSTests.xctest */ = {
			isa = PBXReferenceProxy;
			fileType = wrapper.cfbundle;
			path = "Result-tvOSTests.xctest";
			remoteRef = 23C7CBA51C3BF99E00933D3E /* PBXContainerItemProxy */;
			sourceTree = BUILT_PRODUCTS_DIR;
		};
		23C7CBA81C3BF99E00933D3E /* Result.framework */ = {
			isa = PBXReferenceProxy;
			fileType = wrapper.framework;
			path = Result.framework;
			remoteRef = 23C7CBA71C3BF99E00933D3E /* PBXContainerItemProxy */;
			sourceTree = BUILT_PRODUCTS_DIR;
		};
		23C7CBAA1C3BF99E00933D3E /* Result-watchOSTests.xctest */ = {
			isa = PBXReferenceProxy;
			fileType = wrapper.cfbundle;
			path = "Result-watchOSTests.xctest";
			remoteRef = 23C7CBA91C3BF99E00933D3E /* PBXContainerItemProxy */;
			sourceTree = BUILT_PRODUCTS_DIR;
		};
		23C7CBC41C3BF9E000933D3E /* RxSwift.framework */ = {
			isa = PBXReferenceProxy;
			fileType = wrapper.framework;
			path = RxSwift.framework;
			remoteRef = 23C7CBC31C3BF9E000933D3E /* PBXContainerItemProxy */;
			sourceTree = BUILT_PRODUCTS_DIR;
		};
		23C7CBC61C3BF9E000933D3E /* RxSwift.framework */ = {
			isa = PBXReferenceProxy;
			fileType = wrapper.framework;
			path = RxSwift.framework;
			remoteRef = 23C7CBC51C3BF9E000933D3E /* PBXContainerItemProxy */;
			sourceTree = BUILT_PRODUCTS_DIR;
		};
		23C7CBC81C3BF9E000933D3E /* RxSwift.framework */ = {
			isa = PBXReferenceProxy;
			fileType = wrapper.framework;
			path = RxSwift.framework;
			remoteRef = 23C7CBC71C3BF9E000933D3E /* PBXContainerItemProxy */;
			sourceTree = BUILT_PRODUCTS_DIR;
		};
		23C7CBCA1C3BF9E000933D3E /* RxSwift.framework */ = {
			isa = PBXReferenceProxy;
			fileType = wrapper.framework;
			path = RxSwift.framework;
			remoteRef = 23C7CBC91C3BF9E000933D3E /* PBXContainerItemProxy */;
			sourceTree = BUILT_PRODUCTS_DIR;
		};
		23C7CBCC1C3BF9E000933D3E /* RxCocoa.framework */ = {
			isa = PBXReferenceProxy;
			fileType = wrapper.framework;
			path = RxCocoa.framework;
			remoteRef = 23C7CBCB1C3BF9E000933D3E /* PBXContainerItemProxy */;
			sourceTree = BUILT_PRODUCTS_DIR;
		};
		23C7CBCE1C3BF9E000933D3E /* RxCocoa.framework */ = {
			isa = PBXReferenceProxy;
			fileType = wrapper.framework;
			path = RxCocoa.framework;
			remoteRef = 23C7CBCD1C3BF9E000933D3E /* PBXContainerItemProxy */;
			sourceTree = BUILT_PRODUCTS_DIR;
		};
		23C7CBD01C3BF9E000933D3E /* RxCocoa.framework */ = {
			isa = PBXReferenceProxy;
			fileType = wrapper.framework;
			path = RxCocoa.framework;
			remoteRef = 23C7CBCF1C3BF9E000933D3E /* PBXContainerItemProxy */;
			sourceTree = BUILT_PRODUCTS_DIR;
		};
		23C7CBD21C3BF9E000933D3E /* RxCocoa.framework */ = {
			isa = PBXReferenceProxy;
			fileType = wrapper.framework;
			path = RxCocoa.framework;
			remoteRef = 23C7CBD11C3BF9E000933D3E /* PBXContainerItemProxy */;
			sourceTree = BUILT_PRODUCTS_DIR;
		};
		23C7CBD41C3BF9E000933D3E /* RxBlocking.framework */ = {
			isa = PBXReferenceProxy;
			fileType = wrapper.framework;
			path = RxBlocking.framework;
			remoteRef = 23C7CBD31C3BF9E000933D3E /* PBXContainerItemProxy */;
			sourceTree = BUILT_PRODUCTS_DIR;
		};
		23C7CBD61C3BF9E000933D3E /* RxBlocking.framework */ = {
			isa = PBXReferenceProxy;
			fileType = wrapper.framework;
			path = RxBlocking.framework;
			remoteRef = 23C7CBD51C3BF9E000933D3E /* PBXContainerItemProxy */;
			sourceTree = BUILT_PRODUCTS_DIR;
		};
		23C7CBD81C3BF9E000933D3E /* RxBlocking.framework */ = {
			isa = PBXReferenceProxy;
			fileType = wrapper.framework;
			path = RxBlocking.framework;
			remoteRef = 23C7CBD71C3BF9E000933D3E /* PBXContainerItemProxy */;
			sourceTree = BUILT_PRODUCTS_DIR;
		};
		23C7CBDA1C3BF9E000933D3E /* RxBlocking.framework */ = {
			isa = PBXReferenceProxy;
			fileType = wrapper.framework;
			path = RxBlocking.framework;
			remoteRef = 23C7CBD91C3BF9E000933D3E /* PBXContainerItemProxy */;
			sourceTree = BUILT_PRODUCTS_DIR;
		};
		23C7CBDC1C3BF9E000933D3E /* RxTests.framework */ = {
			isa = PBXReferenceProxy;
			fileType = wrapper.framework;
			path = RxTests.framework;
			remoteRef = 23C7CBDB1C3BF9E000933D3E /* PBXContainerItemProxy */;
			sourceTree = BUILT_PRODUCTS_DIR;
		};
		23C7CBDE1C3BF9E000933D3E /* RxTests.framework */ = {
			isa = PBXReferenceProxy;
			fileType = wrapper.framework;
			path = RxTests.framework;
			remoteRef = 23C7CBDD1C3BF9E000933D3E /* PBXContainerItemProxy */;
			sourceTree = BUILT_PRODUCTS_DIR;
		};
		23C7CBE01C3BF9E000933D3E /* RxTests.framework */ = {
			isa = PBXReferenceProxy;
			fileType = wrapper.framework;
			path = RxTests.framework;
			remoteRef = 23C7CBDF1C3BF9E000933D3E /* PBXContainerItemProxy */;
			sourceTree = BUILT_PRODUCTS_DIR;
		};
		23C7CBE21C3BF9E000933D3E /* RxTests.framework */ = {
			isa = PBXReferenceProxy;
			fileType = wrapper.framework;
			path = RxTests.framework;
			remoteRef = 23C7CBE11C3BF9E000933D3E /* PBXContainerItemProxy */;
			sourceTree = BUILT_PRODUCTS_DIR;
		};
		23C7CBF61C3BFABF00933D3E /* ReactiveCocoa.framework */ = {
			isa = PBXReferenceProxy;
			fileType = wrapper.framework;
			path = ReactiveCocoa.framework;
			remoteRef = 23C7CBF51C3BFABF00933D3E /* PBXContainerItemProxy */;
			sourceTree = BUILT_PRODUCTS_DIR;
		};
		23C7CBF81C3BFABF00933D3E /* ReactiveCocoaTests.xctest */ = {
			isa = PBXReferenceProxy;
			fileType = wrapper.cfbundle;
			path = ReactiveCocoaTests.xctest;
			remoteRef = 23C7CBF71C3BFABF00933D3E /* PBXContainerItemProxy */;
			sourceTree = BUILT_PRODUCTS_DIR;
		};
		23C7CBFA1C3BFABF00933D3E /* ReactiveCocoa.framework */ = {
			isa = PBXReferenceProxy;
			fileType = wrapper.framework;
			path = ReactiveCocoa.framework;
			remoteRef = 23C7CBF91C3BFABF00933D3E /* PBXContainerItemProxy */;
			sourceTree = BUILT_PRODUCTS_DIR;
		};
		23C7CBFC1C3BFABF00933D3E /* ReactiveCocoaTests.xctest */ = {
			isa = PBXReferenceProxy;
			fileType = wrapper.cfbundle;
			path = ReactiveCocoaTests.xctest;
			remoteRef = 23C7CBFB1C3BFABF00933D3E /* PBXContainerItemProxy */;
			sourceTree = BUILT_PRODUCTS_DIR;
		};
		23C7CBFE1C3BFABF00933D3E /* ReactiveCocoa.framework */ = {
			isa = PBXReferenceProxy;
			fileType = wrapper.framework;
			path = ReactiveCocoa.framework;
			remoteRef = 23C7CBFD1C3BFABF00933D3E /* PBXContainerItemProxy */;
			sourceTree = BUILT_PRODUCTS_DIR;
		};
		23C7CC001C3BFABF00933D3E /* ReactiveCocoa.framework */ = {
			isa = PBXReferenceProxy;
			fileType = wrapper.framework;
			path = ReactiveCocoa.framework;
			remoteRef = 23C7CBFF1C3BFABF00933D3E /* PBXContainerItemProxy */;
			sourceTree = BUILT_PRODUCTS_DIR;
		};
/* End PBXReferenceProxy section */

/* Begin PBXResourcesBuildPhase section */
		235E403C1C3BF41D000E914F /* Resources */ = {
			isa = PBXResourcesBuildPhase;
			buildActionMask = 2147483647;
			files = (
				235E404C1C3BF41D000E914F /* LaunchScreen.storyboard in Resources */,
				235E40491C3BF41D000E914F /* Assets.xcassets in Resources */,
				235E40471C3BF41D000E914F /* Main.storyboard in Resources */,
			);
			runOnlyForDeploymentPostprocessing = 0;
		};
/* End PBXResourcesBuildPhase section */

/* Begin PBXShellScriptBuildPhase section */
		23C7CB8E1C3BF88700933D3E /* Carthage */ = {
			isa = PBXShellScriptBuildPhase;
			buildActionMask = 2147483647;
			files = (
			);
			inputPaths = (
				"$(SRCROOT)/Carthage/Build/iOS/Result.framework",
				"$(SRCROOT)/Carthage/Build/iOS/ReactiveCocoa.framework",
				"$(SRCROOT)/Carthage/Build/iOS/RxSwift.framework",
				"$(SRCROOT)/Carthage/Build/iOS/RxCocoa.framework",
				"$(SRCROOT)/Carthage/Build/iOS/RxBlocking.framework",
			);
			name = Carthage;
			outputPaths = (
			);
			runOnlyForDeploymentPostprocessing = 0;
			shellPath = /bin/sh;
			shellScript = "/usr/local/bin/carthage copy-frameworks";
		};
/* End PBXShellScriptBuildPhase section */

/* Begin PBXSourcesBuildPhase section */
		235E403A1C3BF41D000E914F /* Sources */ = {
			isa = PBXSourcesBuildPhase;
			buildActionMask = 2147483647;
			files = (
				235E40441C3BF41D000E914F /* ViewController.swift in Sources */,
				235E40421C3BF41D000E914F /* AppDelegate.swift in Sources */,
			);
			runOnlyForDeploymentPostprocessing = 0;
		};
/* End PBXSourcesBuildPhase section */

/* Begin PBXTargetDependency section */
		23C7CBAE1C3BF9BF00933D3E /* PBXTargetDependency */ = {
			isa = PBXTargetDependency;
			name = "Result-iOS";
			targetProxy = 23C7CBAD1C3BF9BF00933D3E /* PBXContainerItemProxy */;
		};
		23C7CBE41C3BF9EE00933D3E /* PBXTargetDependency */ = {
			isa = PBXTargetDependency;
			name = "RxSwift-iOS";
			targetProxy = 23C7CBE31C3BF9EE00933D3E /* PBXContainerItemProxy */;
		};
		23C7CBE61C3BF9EE00933D3E /* PBXTargetDependency */ = {
			isa = PBXTargetDependency;
			name = "RxCocoa-iOS";
			targetProxy = 23C7CBE51C3BF9EE00933D3E /* PBXContainerItemProxy */;
		};
		23C7CBE81C3BF9EE00933D3E /* PBXTargetDependency */ = {
			isa = PBXTargetDependency;
			name = "RxBlocking-iOS";
			targetProxy = 23C7CBE71C3BF9EE00933D3E /* PBXContainerItemProxy */;
		};
		23C7CC021C3BFAC900933D3E /* PBXTargetDependency */ = {
			isa = PBXTargetDependency;
			name = "ReactiveCocoa-iOS";
			targetProxy = 23C7CC011C3BFAC900933D3E /* PBXContainerItemProxy */;
		};
/* End PBXTargetDependency section */

/* Begin PBXVariantGroup section */
		235E40451C3BF41D000E914F /* Main.storyboard */ = {
			isa = PBXVariantGroup;
			children = (
				235E40461C3BF41D000E914F /* Base */,
			);
			name = Main.storyboard;
			sourceTree = "<group>";
		};
		235E404A1C3BF41D000E914F /* LaunchScreen.storyboard */ = {
			isa = PBXVariantGroup;
			children = (
				235E404B1C3BF41D000E914F /* Base */,
			);
			name = LaunchScreen.storyboard;
			sourceTree = "<group>";
		};
/* End PBXVariantGroup section */

/* Begin XCBuildConfiguration section */
		235E404E1C3BF41D000E914F /* Debug */ = {
			isa = XCBuildConfiguration;
			buildSettings = {
				ALWAYS_SEARCH_USER_PATHS = NO;
				CLANG_CXX_LANGUAGE_STANDARD = "gnu++0x";
				CLANG_CXX_LIBRARY = "libc++";
				CLANG_ENABLE_MODULES = YES;
				CLANG_ENABLE_OBJC_ARC = YES;
				CLANG_WARN_BOOL_CONVERSION = YES;
				CLANG_WARN_CONSTANT_CONVERSION = YES;
				CLANG_WARN_DIRECT_OBJC_ISA_USAGE = YES_ERROR;
				CLANG_WARN_EMPTY_BODY = YES;
				CLANG_WARN_ENUM_CONVERSION = YES;
				CLANG_WARN_INT_CONVERSION = YES;
				CLANG_WARN_OBJC_ROOT_CLASS = YES_ERROR;
				CLANG_WARN_UNREACHABLE_CODE = YES;
				CLANG_WARN__DUPLICATE_METHOD_MATCH = YES;
				"CODE_SIGN_IDENTITY[sdk=iphoneos*]" = "iPhone Developer";
				COPY_PHASE_STRIP = NO;
				DEBUG_INFORMATION_FORMAT = dwarf;
				ENABLE_STRICT_OBJC_MSGSEND = YES;
				ENABLE_TESTABILITY = YES;
				GCC_C_LANGUAGE_STANDARD = gnu99;
				GCC_DYNAMIC_NO_PIC = NO;
				GCC_NO_COMMON_BLOCKS = YES;
				GCC_OPTIMIZATION_LEVEL = 0;
				GCC_PREPROCESSOR_DEFINITIONS = (
					"DEBUG=1",
					"$(inherited)",
				);
				GCC_WARN_64_TO_32_BIT_CONVERSION = YES;
				GCC_WARN_ABOUT_RETURN_TYPE = YES_ERROR;
				GCC_WARN_UNDECLARED_SELECTOR = YES;
				GCC_WARN_UNINITIALIZED_AUTOS = YES_AGGRESSIVE;
				GCC_WARN_UNUSED_FUNCTION = YES;
				GCC_WARN_UNUSED_VARIABLE = YES;
				IPHONEOS_DEPLOYMENT_TARGET = 9.2;
				MTL_ENABLE_DEBUG_INFO = YES;
				ONLY_ACTIVE_ARCH = YES;
				SDKROOT = iphoneos;
				SWIFT_OPTIMIZATION_LEVEL = "-Onone";
			};
			name = Debug;
		};
		235E404F1C3BF41D000E914F /* Release */ = {
			isa = XCBuildConfiguration;
			buildSettings = {
				ALWAYS_SEARCH_USER_PATHS = NO;
				CLANG_CXX_LANGUAGE_STANDARD = "gnu++0x";
				CLANG_CXX_LIBRARY = "libc++";
				CLANG_ENABLE_MODULES = YES;
				CLANG_ENABLE_OBJC_ARC = YES;
				CLANG_WARN_BOOL_CONVERSION = YES;
				CLANG_WARN_CONSTANT_CONVERSION = YES;
				CLANG_WARN_DIRECT_OBJC_ISA_USAGE = YES_ERROR;
				CLANG_WARN_EMPTY_BODY = YES;
				CLANG_WARN_ENUM_CONVERSION = YES;
				CLANG_WARN_INT_CONVERSION = YES;
				CLANG_WARN_OBJC_ROOT_CLASS = YES_ERROR;
				CLANG_WARN_UNREACHABLE_CODE = YES;
				CLANG_WARN__DUPLICATE_METHOD_MATCH = YES;
				"CODE_SIGN_IDENTITY[sdk=iphoneos*]" = "iPhone Developer";
				COPY_PHASE_STRIP = NO;
				DEBUG_INFORMATION_FORMAT = "dwarf-with-dsym";
				ENABLE_NS_ASSERTIONS = NO;
				ENABLE_STRICT_OBJC_MSGSEND = YES;
				GCC_C_LANGUAGE_STANDARD = gnu99;
				GCC_NO_COMMON_BLOCKS = YES;
				GCC_WARN_64_TO_32_BIT_CONVERSION = YES;
				GCC_WARN_ABOUT_RETURN_TYPE = YES_ERROR;
				GCC_WARN_UNDECLARED_SELECTOR = YES;
				GCC_WARN_UNINITIALIZED_AUTOS = YES_AGGRESSIVE;
				GCC_WARN_UNUSED_FUNCTION = YES;
				GCC_WARN_UNUSED_VARIABLE = YES;
				IPHONEOS_DEPLOYMENT_TARGET = 9.2;
				MTL_ENABLE_DEBUG_INFO = NO;
				SDKROOT = iphoneos;
				VALIDATE_PRODUCT = YES;
			};
			name = Release;
		};
		235E40511C3BF41D000E914F /* Debug */ = {
			isa = XCBuildConfiguration;
			buildSettings = {
				ASSETCATALOG_COMPILER_APPICON_NAME = AppIcon;
				FRAMEWORK_SEARCH_PATHS = (
					"$(inherited)",
					"$(PROJECT_DIR)/Carthage/Build/iOS",
				);
				INFOPLIST_FILE = Playgrounds/Info.plist;
				LD_RUNPATH_SEARCH_PATHS = "$(inherited) @executable_path/Frameworks /Applications/Xcode.app/Contents/Developer/Library/Frameworks/";
				PRODUCT_BUNDLE_IDENTIFIER = swift.reactive.Playgrounds;
				PRODUCT_NAME = "$(TARGET_NAME)";
			};
			name = Debug;
		};
		235E40521C3BF41D000E914F /* Release */ = {
			isa = XCBuildConfiguration;
			buildSettings = {
				ASSETCATALOG_COMPILER_APPICON_NAME = AppIcon;
				FRAMEWORK_SEARCH_PATHS = (
					"$(inherited)",
					"$(PROJECT_DIR)/Carthage/Build/iOS",
				);
				INFOPLIST_FILE = Playgrounds/Info.plist;
				LD_RUNPATH_SEARCH_PATHS = "$(inherited) @executable_path/Frameworks /Applications/Xcode.app/Contents/Developer/Library/Frameworks/";
				PRODUCT_BUNDLE_IDENTIFIER = swift.reactive.Playgrounds;
				PRODUCT_NAME = "$(TARGET_NAME)";
			};
			name = Release;
		};
/* End XCBuildConfiguration section */

/* Begin XCConfigurationList section */
		235E40391C3BF41D000E914F /* Build configuration list for PBXProject "Playgrounds" */ = {
			isa = XCConfigurationList;
			buildConfigurations = (
				235E404E1C3BF41D000E914F /* Debug */,
				235E404F1C3BF41D000E914F /* Release */,
			);
			defaultConfigurationIsVisible = 0;
			defaultConfigurationName = Release;
		};
		235E40501C3BF41D000E914F /* Build configuration list for PBXNativeTarget "Playgrounds" */ = {
			isa = XCConfigurationList;
			buildConfigurations = (
				235E40511C3BF41D000E914F /* Debug */,
				235E40521C3BF41D000E914F /* Release */,
			);
			defaultConfigurationIsVisible = 0;
			defaultConfigurationName = Release;
		};
/* End XCConfigurationList section */
	};
	rootObject = 235E40361C3BF41D000E914F /* Project object */;
}
